// !$*UTF8*$!
{
	archiveVersion = 1;
	classes = {
	};
	objectVersion = 56;
	objects = {

/* Begin PBXBuildFile section */
		346000A42C930B5B000A9DD1 /* ios_hostApp.swift in Sources */ = {isa = PBXBuildFile; fileRef = 346000A32C930B5B000A9DD1 /* ios_hostApp.swift */; };
		346000A62C930B5B000A9DD1 /* ContentView.swift in Sources */ = {isa = PBXBuildFile; fileRef = 346000A52C930B5B000A9DD1 /* ContentView.swift */; };
		346000A82C930B5D000A9DD1 /* Assets.xcassets in Resources */ = {isa = PBXBuildFile; fileRef = 346000A72C930B5D000A9DD1 /* Assets.xcassets */; };
		346000AB2C930B5D000A9DD1 /* Preview Assets.xcassets in Resources */ = {isa = PBXBuildFile; fileRef = 346000AA2C930B5D000A9DD1 /* Preview Assets.xcassets */; };
		346000B52C930B5E000A9DD1 /* ios_hostTests.swift in Sources */ = {isa = PBXBuildFile; fileRef = 346000B42C930B5E000A9DD1 /* ios_hostTests.swift */; };
		346000BF2C930B5E000A9DD1 /* ios_hostUITests.swift in Sources */ = {isa = PBXBuildFile; fileRef = 346000BE2C930B5E000A9DD1 /* ios_hostUITests.swift */; };
		346000C12C930B5E000A9DD1 /* ios_hostUITestsLaunchTests.swift in Sources */ = {isa = PBXBuildFile; fileRef = 346000C02C930B5E000A9DD1 /* ios_hostUITestsLaunchTests.swift */; };
/* End PBXBuildFile section */

/* Begin PBXContainerItemProxy section */
		346000B12C930B5E000A9DD1 /* PBXContainerItemProxy */ = {
			isa = PBXContainerItemProxy;
			containerPortal = 346000982C930B5B000A9DD1 /* Project object */;
			proxyType = 1;
			remoteGlobalIDString = 3460009F2C930B5B000A9DD1;
			remoteInfo = "ios-host";
		};
		346000BB2C930B5E000A9DD1 /* PBXContainerItemProxy */ = {
			isa = PBXContainerItemProxy;
			containerPortal = 346000982C930B5B000A9DD1 /* Project object */;
			proxyType = 1;
			remoteGlobalIDString = 3460009F2C930B5B000A9DD1;
			remoteInfo = "ios-host";
		};
/* End PBXContainerItemProxy section */

/* Begin PBXFileReference section */
		346000A02C930B5B000A9DD1 /* ios-host.app */ = {isa = PBXFileReference; explicitFileType = wrapper.application; includeInIndex = 0; path = "ios-host.app"; sourceTree = BUILT_PRODUCTS_DIR; };
		346000A32C930B5B000A9DD1 /* ios_hostApp.swift */ = {isa = PBXFileReference; lastKnownFileType = sourcecode.swift; path = ios_hostApp.swift; sourceTree = "<group>"; };
		346000A52C930B5B000A9DD1 /* ContentView.swift */ = {isa = PBXFileReference; lastKnownFileType = sourcecode.swift; path = ContentView.swift; sourceTree = "<group>"; };
		346000A72C930B5D000A9DD1 /* Assets.xcassets */ = {isa = PBXFileReference; lastKnownFileType = folder.assetcatalog; path = Assets.xcassets; sourceTree = "<group>"; };
		346000AA2C930B5D000A9DD1 /* Preview Assets.xcassets */ = {isa = PBXFileReference; lastKnownFileType = folder.assetcatalog; path = "Preview Assets.xcassets"; sourceTree = "<group>"; };
		346000B02C930B5E000A9DD1 /* ios-hostTests.xctest */ = {isa = PBXFileReference; explicitFileType = wrapper.cfbundle; includeInIndex = 0; path = "ios-hostTests.xctest"; sourceTree = BUILT_PRODUCTS_DIR; };
		346000B42C930B5E000A9DD1 /* ios_hostTests.swift */ = {isa = PBXFileReference; lastKnownFileType = sourcecode.swift; path = ios_hostTests.swift; sourceTree = "<group>"; };
		346000BA2C930B5E000A9DD1 /* ios-hostUITests.xctest */ = {isa = PBXFileReference; explicitFileType = wrapper.cfbundle; includeInIndex = 0; path = "ios-hostUITests.xctest"; sourceTree = BUILT_PRODUCTS_DIR; };
		346000BE2C930B5E000A9DD1 /* ios_hostUITests.swift */ = {isa = PBXFileReference; lastKnownFileType = sourcecode.swift; path = ios_hostUITests.swift; sourceTree = "<group>"; };
		346000C02C930B5E000A9DD1 /* ios_hostUITestsLaunchTests.swift */ = {isa = PBXFileReference; lastKnownFileType = sourcecode.swift; path = ios_hostUITestsLaunchTests.swift; sourceTree = "<group>"; };
/* End PBXFileReference section */

/* Begin PBXFrameworksBuildPhase section */
		3460009D2C930B5B000A9DD1 /* Frameworks */ = {
			isa = PBXFrameworksBuildPhase;
			buildActionMask = 2147483647;
			files = (
			);
			runOnlyForDeploymentPostprocessing = 0;
		};
		346000AD2C930B5E000A9DD1 /* Frameworks */ = {
			isa = PBXFrameworksBuildPhase;
			buildActionMask = 2147483647;
			files = (
			);
			runOnlyForDeploymentPostprocessing = 0;
		};
		346000B72C930B5E000A9DD1 /* Frameworks */ = {
			isa = PBXFrameworksBuildPhase;
			buildActionMask = 2147483647;
			files = (
			);
			runOnlyForDeploymentPostprocessing = 0;
		};
/* End PBXFrameworksBuildPhase section */

/* Begin PBXGroup section */
		346000972C930B5B000A9DD1 = {
			isa = PBXGroup;
			children = (
				346000A22C930B5B000A9DD1 /* ios-host */,
				346000B32C930B5E000A9DD1 /* ios-hostTests */,
				346000BD2C930B5E000A9DD1 /* ios-hostUITests */,
				346000A12C930B5B000A9DD1 /* Products */,
			);
			sourceTree = "<group>";
		};
		346000A12C930B5B000A9DD1 /* Products */ = {
			isa = PBXGroup;
			children = (
				346000A02C930B5B000A9DD1 /* ios-host.app */,
				346000B02C930B5E000A9DD1 /* ios-hostTests.xctest */,
				346000BA2C930B5E000A9DD1 /* ios-hostUITests.xctest */,
			);
			name = Products;
			sourceTree = "<group>";
		};
		346000A22C930B5B000A9DD1 /* ios-host */ = {
			isa = PBXGroup;
			children = (
				346000A32C930B5B000A9DD1 /* ios_hostApp.swift */,
				346000A52C930B5B000A9DD1 /* ContentView.swift */,
				346000A72C930B5D000A9DD1 /* Assets.xcassets */,
				346000A92C930B5D000A9DD1 /* Preview Content */,
			);
			path = "ios-host";
			sourceTree = "<group>";
		};
		346000A92C930B5D000A9DD1 /* Preview Content */ = {
			isa = PBXGroup;
			children = (
				346000AA2C930B5D000A9DD1 /* Preview Assets.xcassets */,
			);
			path = "Preview Content";
			sourceTree = "<group>";
		};
		346000B32C930B5E000A9DD1 /* ios-hostTests */ = {
			isa = PBXGroup;
			children = (
				346000B42C930B5E000A9DD1 /* ios_hostTests.swift */,
			);
			path = "ios-hostTests";
			sourceTree = "<group>";
		};
		346000BD2C930B5E000A9DD1 /* ios-hostUITests */ = {
			isa = PBXGroup;
			children = (
				346000BE2C930B5E000A9DD1 /* ios_hostUITests.swift */,
				346000C02C930B5E000A9DD1 /* ios_hostUITestsLaunchTests.swift */,
			);
			path = "ios-hostUITests";
			sourceTree = "<group>";
		};
/* End PBXGroup section */

/* Begin PBXNativeTarget section */
		3460009F2C930B5B000A9DD1 /* ios-host */ = {
			isa = PBXNativeTarget;
			buildConfigurationList = 346000C42C930B5E000A9DD1 /* Build configuration list for PBXNativeTarget "ios-host" */;
			buildPhases = (
				3460009C2C930B5B000A9DD1 /* Sources */,
				3460009D2C930B5B000A9DD1 /* Frameworks */,
				3460009E2C930B5B000A9DD1 /* Resources */,
			);
			buildRules = (
			);
			dependencies = (
			);
			name = "ios-host";
			productName = "ios-host";
			productReference = 346000A02C930B5B000A9DD1 /* ios-host.app */;
			productType = "com.apple.product-type.application";
		};
		346000AF2C930B5E000A9DD1 /* ios-hostTests */ = {
			isa = PBXNativeTarget;
			buildConfigurationList = 346000C72C930B5E000A9DD1 /* Build configuration list for PBXNativeTarget "ios-hostTests" */;
			buildPhases = (
				346000AC2C930B5E000A9DD1 /* Sources */,
				346000AD2C930B5E000A9DD1 /* Frameworks */,
				346000AE2C930B5E000A9DD1 /* Resources */,
			);
			buildRules = (
			);
			dependencies = (
				346000B22C930B5E000A9DD1 /* PBXTargetDependency */,
			);
			name = "ios-hostTests";
			productName = "ios-hostTests";
			productReference = 346000B02C930B5E000A9DD1 /* ios-hostTests.xctest */;
			productType = "com.apple.product-type.bundle.unit-test";
		};
		346000B92C930B5E000A9DD1 /* ios-hostUITests */ = {
			isa = PBXNativeTarget;
			buildConfigurationList = 346000CA2C930B5E000A9DD1 /* Build configuration list for PBXNativeTarget "ios-hostUITests" */;
			buildPhases = (
				346000B62C930B5E000A9DD1 /* Sources */,
				346000B72C930B5E000A9DD1 /* Frameworks */,
				346000B82C930B5E000A9DD1 /* Resources */,
			);
			buildRules = (
			);
			dependencies = (
				346000BC2C930B5E000A9DD1 /* PBXTargetDependency */,
			);
			name = "ios-hostUITests";
			productName = "ios-hostUITests";
			productReference = 346000BA2C930B5E000A9DD1 /* ios-hostUITests.xctest */;
			productType = "com.apple.product-type.bundle.ui-testing";
		};
/* End PBXNativeTarget section */

/* Begin PBXProject section */
		346000982C930B5B000A9DD1 /* Project object */ = {
			isa = PBXProject;
			attributes = {
				BuildIndependentTargetsInParallel = 1;
				LastSwiftUpdateCheck = 1520;
				LastUpgradeCheck = 1520;
				TargetAttributes = {
					3460009F2C930B5B000A9DD1 = {
						CreatedOnToolsVersion = 15.2;
					};
					346000AF2C930B5E000A9DD1 = {
						CreatedOnToolsVersion = 15.2;
						TestTargetID = 3460009F2C930B5B000A9DD1;
					};
					346000B92C930B5E000A9DD1 = {
						CreatedOnToolsVersion = 15.2;
						TestTargetID = 3460009F2C930B5B000A9DD1;
					};
				};
			};
			buildConfigurationList = 3460009B2C930B5B000A9DD1 /* Build configuration list for PBXProject "ios-host" */;
			compatibilityVersion = "Xcode 14.0";
			developmentRegion = en;
			hasScannedForEncodings = 0;
			knownRegions = (
				en,
				Base,
			);
			mainGroup = 346000972C930B5B000A9DD1;
			productRefGroup = 346000A12C930B5B000A9DD1 /* Products */;
			projectDirPath = "";
			projectRoot = "";
			targets = (
				3460009F2C930B5B000A9DD1 /* ios-host */,
				346000AF2C930B5E000A9DD1 /* ios-hostTests */,
				346000B92C930B5E000A9DD1 /* ios-hostUITests */,
			);
		};
/* End PBXProject section */

/* Begin PBXResourcesBuildPhase section */
		3460009E2C930B5B000A9DD1 /* Resources */ = {
			isa = PBXResourcesBuildPhase;
			buildActionMask = 2147483647;
			files = (
				346000AB2C930B5D000A9DD1 /* Preview Assets.xcassets in Resources */,
				346000A82C930B5D000A9DD1 /* Assets.xcassets in Resources */,
			);
			runOnlyForDeploymentPostprocessing = 0;
		};
		346000AE2C930B5E000A9DD1 /* Resources */ = {
			isa = PBXResourcesBuildPhase;
			buildActionMask = 2147483647;
			files = (
			);
			runOnlyForDeploymentPostprocessing = 0;
		};
		346000B82C930B5E000A9DD1 /* Resources */ = {
			isa = PBXResourcesBuildPhase;
			buildActionMask = 2147483647;
			files = (
			);
			runOnlyForDeploymentPostprocessing = 0;
		};
/* End PBXResourcesBuildPhase section */

/* Begin PBXSourcesBuildPhase section */
		3460009C2C930B5B000A9DD1 /* Sources */ = {
			isa = PBXSourcesBuildPhase;
			buildActionMask = 2147483647;
			files = (
				346000A62C930B5B000A9DD1 /* ContentView.swift in Sources */,
				346000A42C930B5B000A9DD1 /* ios_hostApp.swift in Sources */,
			);
			runOnlyForDeploymentPostprocessing = 0;
		};
		346000AC2C930B5E000A9DD1 /* Sources */ = {
			isa = PBXSourcesBuildPhase;
			buildActionMask = 2147483647;
			files = (
				346000B52C930B5E000A9DD1 /* ios_hostTests.swift in Sources */,
			);
			runOnlyForDeploymentPostprocessing = 0;
		};
		346000B62C930B5E000A9DD1 /* Sources */ = {
			isa = PBXSourcesBuildPhase;
			buildActionMask = 2147483647;
			files = (
				346000C12C930B5E000A9DD1 /* ios_hostUITestsLaunchTests.swift in Sources */,
				346000BF2C930B5E000A9DD1 /* ios_hostUITests.swift in Sources */,
			);
			runOnlyForDeploymentPostprocessing = 0;
		};
/* End PBXSourcesBuildPhase section */

/* Begin PBXTargetDependency section */
		346000B22C930B5E000A9DD1 /* PBXTargetDependency */ = {
			isa = PBXTargetDependency;
			target = 3460009F2C930B5B000A9DD1 /* ios-host */;
			targetProxy = 346000B12C930B5E000A9DD1 /* PBXContainerItemProxy */;
		};
		346000BC2C930B5E000A9DD1 /* PBXTargetDependency */ = {
			isa = PBXTargetDependency;
			target = 3460009F2C930B5B000A9DD1 /* ios-host */;
			targetProxy = 346000BB2C930B5E000A9DD1 /* PBXContainerItemProxy */;
		};
/* End PBXTargetDependency section */

/* Begin XCBuildConfiguration section */
		346000C22C930B5E000A9DD1 /* Debug */ = {
			isa = XCBuildConfiguration;
			buildSettings = {
				ALWAYS_SEARCH_USER_PATHS = NO;
				ASSETCATALOG_COMPILER_GENERATE_SWIFT_ASSET_SYMBOL_EXTENSIONS = YES;
				CLANG_ANALYZER_NONNULL = YES;
				CLANG_ANALYZER_NUMBER_OBJECT_CONVERSION = YES_AGGRESSIVE;
				CLANG_CXX_LANGUAGE_STANDARD = "gnu++20";
				CLANG_ENABLE_MODULES = YES;
				CLANG_ENABLE_OBJC_ARC = YES;
				CLANG_ENABLE_OBJC_WEAK = YES;
				CLANG_WARN_BLOCK_CAPTURE_AUTORELEASING = YES;
				CLANG_WARN_BOOL_CONVERSION = YES;
				CLANG_WARN_COMMA = YES;
				CLANG_WARN_CONSTANT_CONVERSION = YES;
				CLANG_WARN_DEPRECATED_OBJC_IMPLEMENTATIONS = YES;
				CLANG_WARN_DIRECT_OBJC_ISA_USAGE = YES_ERROR;
				CLANG_WARN_DOCUMENTATION_COMMENTS = YES;
				CLANG_WARN_EMPTY_BODY = YES;
				CLANG_WARN_ENUM_CONVERSION = YES;
				CLANG_WARN_INFINITE_RECURSION = YES;
				CLANG_WARN_INT_CONVERSION = YES;
				CLANG_WARN_NON_LITERAL_NULL_CONVERSION = YES;
				CLANG_WARN_OBJC_IMPLICIT_RETAIN_SELF = YES;
				CLANG_WARN_OBJC_LITERAL_CONVERSION = YES;
				CLANG_WARN_OBJC_ROOT_CLASS = YES_ERROR;
				CLANG_WARN_QUOTED_INCLUDE_IN_FRAMEWORK_HEADER = YES;
				CLANG_WARN_RANGE_LOOP_ANALYSIS = YES;
				CLANG_WARN_STRICT_PROTOTYPES = YES;
				CLANG_WARN_SUSPICIOUS_MOVE = YES;
				CLANG_WARN_UNGUARDED_AVAILABILITY = YES_AGGRESSIVE;
				CLANG_WARN_UNREACHABLE_CODE = YES;
				CLANG_WARN__DUPLICATE_METHOD_MATCH = YES;
				COPY_PHASE_STRIP = NO;
				DEBUG_INFORMATION_FORMAT = dwarf;
				ENABLE_STRICT_OBJC_MSGSEND = YES;
				ENABLE_TESTABILITY = YES;
				ENABLE_USER_SCRIPT_SANDBOXING = YES;
				GCC_C_LANGUAGE_STANDARD = gnu17;
				GCC_DYNAMIC_NO_PIC = NO;
				GCC_NO_COMMON_BLOCKS = YES;
				GCC_OPTIMIZATION_LEVEL = 0;
				GCC_PREPROCESSOR_DEFINITIONS = (
					"DEBUG=1",
					"$(inherited)",
				);
				GCC_WARN_64_TO_32_BIT_CONVERSION = YES;
				GCC_WARN_ABOUT_RETURN_TYPE = YES_ERROR;
				GCC_WARN_UNDECLARED_SELECTOR = YES;
				GCC_WARN_UNINITIALIZED_AUTOS = YES_AGGRESSIVE;
				GCC_WARN_UNUSED_FUNCTION = YES;
				GCC_WARN_UNUSED_VARIABLE = YES;
				IPHONEOS_DEPLOYMENT_TARGET = 17.2;
				LOCALIZATION_PREFERS_STRING_CATALOGS = YES;
				MTL_ENABLE_DEBUG_INFO = INCLUDE_SOURCE;
				MTL_FAST_MATH = YES;
				ONLY_ACTIVE_ARCH = YES;
				SDKROOT = iphoneos;
				SWIFT_ACTIVE_COMPILATION_CONDITIONS = "DEBUG $(inherited)";
				SWIFT_OPTIMIZATION_LEVEL = "-Onone";
			};
			name = Debug;
		};
		346000C32C930B5E000A9DD1 /* Release */ = {
			isa = XCBuildConfiguration;
			buildSettings = {
				ALWAYS_SEARCH_USER_PATHS = NO;
				ASSETCATALOG_COMPILER_GENERATE_SWIFT_ASSET_SYMBOL_EXTENSIONS = YES;
				CLANG_ANALYZER_NONNULL = YES;
				CLANG_ANALYZER_NUMBER_OBJECT_CONVERSION = YES_AGGRESSIVE;
				CLANG_CXX_LANGUAGE_STANDARD = "gnu++20";
				CLANG_ENABLE_MODULES = YES;
				CLANG_ENABLE_OBJC_ARC = YES;
				CLANG_ENABLE_OBJC_WEAK = YES;
				CLANG_WARN_BLOCK_CAPTURE_AUTORELEASING = YES;
				CLANG_WARN_BOOL_CONVERSION = YES;
				CLANG_WARN_COMMA = YES;
				CLANG_WARN_CONSTANT_CONVERSION = YES;
				CLANG_WARN_DEPRECATED_OBJC_IMPLEMENTATIONS = YES;
				CLANG_WARN_DIRECT_OBJC_ISA_USAGE = YES_ERROR;
				CLANG_WARN_DOCUMENTATION_COMMENTS = YES;
				CLANG_WARN_EMPTY_BODY = YES;
				CLANG_WARN_ENUM_CONVERSION = YES;
				CLANG_WARN_INFINITE_RECURSION = YES;
				CLANG_WARN_INT_CONVERSION = YES;
				CLANG_WARN_NON_LITERAL_NULL_CONVERSION = YES;
				CLANG_WARN_OBJC_IMPLICIT_RETAIN_SELF = YES;
				CLANG_WARN_OBJC_LITERAL_CONVERSION = YES;
				CLANG_WARN_OBJC_ROOT_CLASS = YES_ERROR;
				CLANG_WARN_QUOTED_INCLUDE_IN_FRAMEWORK_HEADER = YES;
				CLANG_WARN_RANGE_LOOP_ANALYSIS = YES;
				CLANG_WARN_STRICT_PROTOTYPES = YES;
				CLANG_WARN_SUSPICIOUS_MOVE = YES;
				CLANG_WARN_UNGUARDED_AVAILABILITY = YES_AGGRESSIVE;
				CLANG_WARN_UNREACHABLE_CODE = YES;
				CLANG_WARN__DUPLICATE_METHOD_MATCH = YES;
				COPY_PHASE_STRIP = NO;
				DEBUG_INFORMATION_FORMAT = "dwarf-with-dsym";
				ENABLE_NS_ASSERTIONS = NO;
				ENABLE_STRICT_OBJC_MSGSEND = YES;
				ENABLE_USER_SCRIPT_SANDBOXING = YES;
				GCC_C_LANGUAGE_STANDARD = gnu17;
				GCC_NO_COMMON_BLOCKS = YES;
				GCC_WARN_64_TO_32_BIT_CONVERSION = YES;
				GCC_WARN_ABOUT_RETURN_TYPE = YES_ERROR;
				GCC_WARN_UNDECLARED_SELECTOR = YES;
				GCC_WARN_UNINITIALIZED_AUTOS = YES_AGGRESSIVE;
				GCC_WARN_UNUSED_FUNCTION = YES;
				GCC_WARN_UNUSED_VARIABLE = YES;
				IPHONEOS_DEPLOYMENT_TARGET = 17.2;
				LOCALIZATION_PREFERS_STRING_CATALOGS = YES;
				MTL_ENABLE_DEBUG_INFO = NO;
				MTL_FAST_MATH = YES;
				SDKROOT = iphoneos;
				SWIFT_COMPILATION_MODE = wholemodule;
				VALIDATE_PRODUCT = YES;
			};
			name = Release;
		};
		346000C52C930B5E000A9DD1 /* Debug */ = {
			isa = XCBuildConfiguration;
			buildSettings = {
				ASSETCATALOG_COMPILER_APPICON_NAME = AppIcon;
				ASSETCATALOG_COMPILER_GLOBAL_ACCENT_COLOR_NAME = AccentColor;
				CODE_SIGN_STYLE = Automatic;
				CURRENT_PROJECT_VERSION = 1;
				DEVELOPMENT_ASSET_PATHS = "\"ios-host/Preview Content\"";
				DEVELOPMENT_TEAM = WZBM2RM546;
				ENABLE_PREVIEWS = YES;
				GENERATE_INFOPLIST_FILE = YES;
				INFOPLIST_KEY_UIApplicationSceneManifest_Generation = YES;
				INFOPLIST_KEY_UIApplicationSupportsIndirectInputEvents = YES;
				INFOPLIST_KEY_UILaunchScreen_Generation = YES;
				INFOPLIST_KEY_UISupportedInterfaceOrientations_iPad = "UIInterfaceOrientationPortrait UIInterfaceOrientationPortraitUpsideDown UIInterfaceOrientationLandscapeLeft UIInterfaceOrientationLandscapeRight";
				INFOPLIST_KEY_UISupportedInterfaceOrientations_iPhone = "UIInterfaceOrientationPortrait UIInterfaceOrientationLandscapeLeft UIInterfaceOrientationLandscapeRight";
				LD_RUNPATH_SEARCH_PATHS = (
					"$(inherited)",
					"@executable_path/Frameworks",
				);
				MARKETING_VERSION = 1.0;
				PRODUCT_BUNDLE_IDENTIFIER = "com.si.mac.ios-host";
				PRODUCT_NAME = "$(TARGET_NAME)";
				SWIFT_EMIT_LOC_STRINGS = YES;
				SWIFT_VERSION = 5.0;
				TARGETED_DEVICE_FAMILY = "1,2";
			};
			name = Debug;
		};
		346000C62C930B5E000A9DD1 /* Release */ = {
			isa = XCBuildConfiguration;
			buildSettings = {
				ASSETCATALOG_COMPILER_APPICON_NAME = AppIcon;
				ASSETCATALOG_COMPILER_GLOBAL_ACCENT_COLOR_NAME = AccentColor;
				CODE_SIGN_STYLE = Automatic;
				CURRENT_PROJECT_VERSION = 1;
				DEVELOPMENT_ASSET_PATHS = "\"ios-host/Preview Content\"";
				DEVELOPMENT_TEAM = WZBM2RM546;
				ENABLE_PREVIEWS = YES;
				GENERATE_INFOPLIST_FILE = YES;
				INFOPLIST_KEY_UIApplicationSceneManifest_Generation = YES;
				INFOPLIST_KEY_UIApplicationSupportsIndirectInputEvents = YES;
				INFOPLIST_KEY_UILaunchScreen_Generation = YES;
				INFOPLIST_KEY_UISupportedInterfaceOrientations_iPad = "UIInterfaceOrientationPortrait UIInterfaceOrientationPortraitUpsideDown UIInterfaceOrientationLandscapeLeft UIInterfaceOrientationLandscapeRight";
				INFOPLIST_KEY_UISupportedInterfaceOrientations_iPhone = "UIInterfaceOrientationPortrait UIInterfaceOrientationLandscapeLeft UIInterfaceOrientationLandscapeRight";
				LD_RUNPATH_SEARCH_PATHS = (
					"$(inherited)",
					"@executable_path/Frameworks",
				);
				MARKETING_VERSION = 1.0;
				PRODUCT_BUNDLE_IDENTIFIER = "com.si.mac.ios-host";
				PRODUCT_NAME = "$(TARGET_NAME)";
				SWIFT_EMIT_LOC_STRINGS = YES;
				SWIFT_VERSION = 5.0;
				TARGETED_DEVICE_FAMILY = "1,2";
			};
			name = Release;
		};
		346000C82C930B5E000A9DD1 /* Debug */ = {
			isa = XCBuildConfiguration;
			buildSettings = {
				ALWAYS_EMBED_SWIFT_STANDARD_LIBRARIES = YES;
				BUNDLE_LOADER = "$(TEST_HOST)";
				CODE_SIGN_STYLE = Automatic;
				CURRENT_PROJECT_VERSION = 1;
				DEVELOPMENT_TEAM = WZBM2RM546;
				GENERATE_INFOPLIST_FILE = YES;
				IPHONEOS_DEPLOYMENT_TARGET = 17.2;
				MARKETING_VERSION = 1.0;
				PRODUCT_BUNDLE_IDENTIFIER = "com.si.mac.ios-hostTests";
				PRODUCT_NAME = "$(TARGET_NAME)";
				SWIFT_EMIT_LOC_STRINGS = NO;
				SWIFT_VERSION = 5.0;
				TARGETED_DEVICE_FAMILY = "1,2";
				TEST_HOST = "$(BUILT_PRODUCTS_DIR)/ios-host.app/$(BUNDLE_EXECUTABLE_FOLDER_PATH)/ios-host";
			};
			name = Debug;
		};
		346000C92C930B5E000A9DD1 /* Release */ = {
			isa = XCBuildConfiguration;
			buildSettings = {
				ALWAYS_EMBED_SWIFT_STANDARD_LIBRARIES = YES;
				BUNDLE_LOADER = "$(TEST_HOST)";
				CODE_SIGN_STYLE = Automatic;
				CURRENT_PROJECT_VERSION = 1;
				DEVELOPMENT_TEAM = WZBM2RM546;
				GENERATE_INFOPLIST_FILE = YES;
				IPHONEOS_DEPLOYMENT_TARGET = 17.2;
				MARKETING_VERSION = 1.0;
				PRODUCT_BUNDLE_IDENTIFIER = "com.si.mac.ios-hostTests";
				PRODUCT_NAME = "$(TARGET_NAME)";
				SWIFT_EMIT_LOC_STRINGS = NO;
				SWIFT_VERSION = 5.0;
				TARGETED_DEVICE_FAMILY = "1,2";
				TEST_HOST = "$(BUILT_PRODUCTS_DIR)/ios-host.app/$(BUNDLE_EXECUTABLE_FOLDER_PATH)/ios-host";
			};
			name = Release;
		};
		346000CB2C930B5E000A9DD1 /* Debug */ = {
			isa = XCBuildConfiguration;
			buildSettings = {
				ALWAYS_EMBED_SWIFT_STANDARD_LIBRARIES = YES;
				CODE_SIGN_STYLE = Automatic;
				CURRENT_PROJECT_VERSION = 1;
				DEVELOPMENT_TEAM = WZBM2RM546;
				GENERATE_INFOPLIST_FILE = YES;
				MARKETING_VERSION = 1.0;
				PRODUCT_BUNDLE_IDENTIFIER = "com.si.mac.ios-hostUITests";
				PRODUCT_NAME = "$(TARGET_NAME)";
				SWIFT_EMIT_LOC_STRINGS = NO;
				SWIFT_VERSION = 5.0;
				TARGETED_DEVICE_FAMILY = "1,2";
				TEST_TARGET_NAME = "ios-host";
			};
			name = Debug;
		};
		346000CC2C930B5E000A9DD1 /* Release */ = {
			isa = XCBuildConfiguration;
			buildSettings = {
				ALWAYS_EMBED_SWIFT_STANDARD_LIBRARIES = YES;
				CODE_SIGN_STYLE = Automatic;
				CURRENT_PROJECT_VERSION = 1;
				DEVELOPMENT_TEAM = WZBM2RM546;
				GENERATE_INFOPLIST_FILE = YES;
				MARKETING_VERSION = 1.0;
				PRODUCT_BUNDLE_IDENTIFIER = "com.si.mac.ios-hostUITests";
				PRODUCT_NAME = "$(TARGET_NAME)";
				SWIFT_EMIT_LOC_STRINGS = NO;
				SWIFT_VERSION = 5.0;
				TARGETED_DEVICE_FAMILY = "1,2";
				TEST_TARGET_NAME = "ios-host";
			};
			name = Release;
		};
/* End XCBuildConfiguration section */

/* Begin XCConfigurationList section */
		3460009B2C930B5B000A9DD1 /* Build configuration list for PBXProject "ios-host" */ = {
			isa = XCConfigurationList;
			buildConfigurations = (
				346000C22C930B5E000A9DD1 /* Debug */,
				346000C32C930B5E000A9DD1 /* Release */,
			);
			defaultConfigurationIsVisible = 0;
			defaultConfigurationName = Release;
		};
		346000C42C930B5E000A9DD1 /* Build configuration list for PBXNativeTarget "ios-host" */ = {
			isa = XCConfigurationList;
			buildConfigurations = (
				346000C52C930B5E000A9DD1 /* Debug */,
				346000C62C930B5E000A9DD1 /* Release */,
			);
			defaultConfigurationIsVisible = 0;
			defaultConfigurationName = Release;
		};
		346000C72C930B5E000A9DD1 /* Build configuration list for PBXNativeTarget "ios-hostTests" */ = {
			isa = XCConfigurationList;
			buildConfigurations = (
				346000C82C930B5E000A9DD1 /* Debug */,
				346000C92C930B5E000A9DD1 /* Release */,
			);
			defaultConfigurationIsVisible = 0;
			defaultConfigurationName = Release;
		};
		346000CA2C930B5E000A9DD1 /* Build configuration list for PBXNativeTarget "ios-hostUITests" */ = {
			isa = XCConfigurationList;
			buildConfigurations = (
				346000CB2C930B5E000A9DD1 /* Debug */,
				346000CC2C930B5E000A9DD1 /* Release */,
			);
			defaultConfigurationIsVisible = 0;
			defaultConfigurationName = Release;
		};
/* End XCConfigurationList section */
	};
	rootObject = 346000982C930B5B000A9DD1 /* Project object */;
}
